{
  "name": "cloudy-sapgui",
  "version": "0.1.0",
  "lockfileVersion": 3,
  "requires": true,
  "packages": {
    "": {
      "name": "cloudy-sapgui",
      "version": "0.1.0",
      "license": "MIT",
      "devDependencies": {
        "@abaplint/cli": "^2.120.10"
      },
      "engines": {
        "node": ">=22"
      }
    },
    "node_modules/@abaplint/cli": {
      "version": "2.120.10",
      "resolved": "https://registry.npmjs.org/@abaplint/cli/-/cli-2.120.10.tgz",
      "integrity": "sha512-U6XuNVnvnsJxalYFgWKUAiYHRsscXFvMQIfWgo6ItkaqraO9WSWZlqF2NUSxtsxECoAJC+9SeeK8R6eFhXxJyA==",
      "dev": true,
      "license": "MIT",
      "bin": {
        "abaplint": "abaplint"
      },
      "engines": {
        "node": ">=18.0.0"
      },
      "funding": {
        "url": "https://github.com/sponsors/larshp"
      }
    }
  }
}
