{
  "name": "sapgui",
  "version": "0.1.0",
  "lockfileVersion": 3,
  "requires": true,
  "packages": {
    "": {
      "name": "sapgui",
      "version": "0.1.0",
      "license": "MIT",
      "devDependencies": {
        "@abap2ui5/linter": "^0.8.5",
        "@abap2ui5/linter-render": "^0.8.5",
        "@abaplint/cli": "^2.120.73",
        "@abaplint/database-sqlite": "^2.13.83",
        "@abaplint/runtime": "^2.14.3",
        "@abaplint/transpiler-cli": "^2.14.3"
      },
      "engines": {
        "node": ">=22"
      }
    },
    "node_modules/@abap2ui5/linter": {
      "version": "0.8.5",
      "resolved": "https://registry.npmjs.org/@abap2ui5/linter/-/linter-0.8.5.tgz",
      "integrity": "sha512-GSqWvLRhFU8F5dOv/DT/nbouVN4B3zWRvPibaK1SCXzpW6bj5LcYDIJPDVce7g8Qoz8WkFaJkw3aTn/5OKqJmA==",
      "dev": true,
      "license": "MIT",
      "workspaces": [
        "linter-render"
      ],
      "bin": {
        "abap2ui5-lint": "cli.mjs",
        "abap2ui5lint": "cli.mjs"
      },
      "engines": {
        "node": ">=22"
      },
      "peerDependencies": {
        "@abap2ui5/linter-render": ">=0.8.0 <0.9.0",
        "@abap2ui5/render-runtime": ">=0.1.0 <0.8.0"
      },
      "peerDependenciesMeta": {
        "@abap2ui5/linter-render": {
          "optional": true
        },
        "@abap2ui5/render-runtime": {
          "optional": true
        }
      }
    },
    "node_modules/@abap2ui5/linter-render": {
      "version": "0.8.5",
      "resolved": "https://registry.npmjs.org/@abap2ui5/linter-render/-/linter-render-0.8.5.tgz",
      "integrity": "sha512-WPGTyqCI7B/B/0gD7sC/DeuwXdwQXI+f+fo1tWWtHGuoKe1OSe6oVN1AYxUEaP3sBSKG92EMeXBIGbLMU2B3Cw==",
      "dev": true,
      "license": "MIT",
      "dependencies": {
        "@openui5/sap.f": "1.152.0",
        "@openui5/sap.m": "1.152.0",
        "@openui5/sap.tnt": "1.152.0",
        "@openui5/sap.ui.codeeditor": "1.152.0",
        "@openui5/sap.ui.core": "1.152.0",
        "@openui5/sap.ui.integration": "1.152.0",
        "@openui5/sap.ui.layout": "1.152.0",
        "@openui5/sap.ui.table": "1.152.0",
        "@openui5/sap.ui.unified": "1.152.0",
        "@openui5/sap.uxap": "1.152.0",
        "@openui5/themelib_sap_horizon": "1.152.0",
        "less-openui5": "^0.12.0",
        "playwright": "^1.61.1"
      },
      "engines": {
        "node": ">=22"
      }
    },
    "node_modules/@abap2ui5/render-runtime": {
      "version": "0.7.0",
      "resolved": "https://registry.npmjs.org/@abap2ui5/render-runtime/-/render-runtime-0.7.0.tgz",
      "integrity": "sha512-utSAWAVc81AM1Vq25ksmgsKpqUNtuysgjY28fGcYEOLVoE6XJTBIRPhbL9btXSZKa2LAXIDWSB07jxgEgbiTlw==",
      "deprecated": "renamed to @abap2ui5/linter-render - npm i -D @abap2ui5/linter-render",
      "dev": true,
      "license": "MIT",
      "optional": true,
      "peer": true,
      "dependencies": {
        "@openui5/sap.f": "1.152.0",
        "@openui5/sap.m": "1.152.0",
        "@openui5/sap.tnt": "1.152.0",
        "@openui5/sap.ui.codeeditor": "1.152.0",
        "@openui5/sap.ui.core": "1.152.0",
        "@openui5/sap.ui.integration": "1.152.0",
        "@openui5/sap.ui.layout": "1.152.0",
        "@openui5/sap.ui.table": "1.152.0",
        "@openui5/sap.ui.unified": "1.152.0",
        "@openui5/sap.uxap": "1.152.0",
        "@openui5/themelib_sap_horizon": "1.152.0",
        "less-openui5": "^0.12.0",
        "playwright": "^1.61.1"
      },
      "engines": {
        "node": ">=22"
      }
    },
    "node_modules/@abaplint/cli": {
      "version": "2.120.73",
      "resolved": "https://registry.npmjs.org/@abaplint/cli/-/cli-2.120.73.tgz",
      "integrity": "sha512-/CxPAfc3noOvPiJX+GB99st8aN/TB5KmMVfrFDrPKrMuIlzRTv1+Yxs0QIgTj8taUNTZGdyBPriR3mHATZmlpQ==",
      "dev": true,
      "license": "MIT",
      "bin": {
        "abaplint": "abaplint"
      },
      "engines": {
        "node": ">=22.0.0"
      },
      "funding": {
        "url": "https://github.com/sponsors/larshp"
      }
    },
    "node_modules/@abaplint/database-sqlite": {
      "version": "2.13.83",
      "resolved": "https://registry.npmjs.org/@abaplint/database-sqlite/-/database-sqlite-2.13.83.tgz",
      "integrity": "sha512-L5+IPwq4rcPAHPOSeJYUukqbD7SY26VfgSsLqZL9m8H2BGB02MfiMqlzmZ4m+Vpggy6zzjLjFH/CKwoBwx4ocw==",
      "dev": true,
      "license": "MIT",
      "dependencies": {
        "sql.js": "^1.14.2"
      }
    },
    "node_modules/@abaplint/runtime": {
      "version": "2.14.3",
      "resolved": "https://registry.npmjs.org/@abaplint/runtime/-/runtime-2.14.3.tgz",
      "integrity": "sha512-arNqfgN6NqivTiRtlHSsGWwLFgwTD8pgLnzWN8dMiGzivz2Qm5EC0kWJ1Q7ryEKm+OiRYeOJrcM+Iq7MMOVKvQ==",
      "dev": true,
      "license": "MIT",
      "dependencies": {
        "temporal-polyfill": "^1.0.5"
      },
      "funding": {
        "url": "https://github.com/sponsors/larshp"
      }
    },
    "node_modules/@abaplint/transpiler-cli": {
      "version": "2.14.3",
      "resolved": "https://registry.npmjs.org/@abaplint/transpiler-cli/-/transpiler-cli-2.14.3.tgz",
      "integrity": "sha512-FmtOO9LQPLXtVxlB+tCrNolI83UdAvZAm+i/SAPxg4eAeW+8i/99w7cX4+S5uNqKIDexkMn18p3o5hl+eUD+2Q==",
      "dev": true,
      "license": "MIT",
      "bin": {
        "abap_transpile": "abap_transpile"
      },
      "funding": {
        "url": "https://github.com/sponsors/larshp"
      }
    },
    "node_modules/@adobe/css-tools": {
      "version": "4.5.0",
      "resolved": "https://registry.npmjs.org/@adobe/css-tools/-/css-tools-4.5.0.tgz",
      "integrity": "sha512-6OzddxPio9UiWTCemp4N8cYLV2ZN1ncRnV1cVGtve7dhPOtRkleRyx32GQCYSwDYgaHU3USMm84tNsvKzRCa1Q==",
      "dev": true,
      "license": "MIT"
    },
    "node_modules/@openui5/sap.f": {
      "version": "1.152.0",
      "resolved": "https://registry.npmjs.org/@openui5/sap.f/-/sap.f-1.152.0.tgz",
      "integrity": "sha512-J7uLqtgY4vBlF+ZVkIcDURMuAT/z3ge9JSGm5yL7GDs4qV2H8XuN1LKomBUIZJi0UzvSb9/sSmdPL6MVizyqfA==",
      "dev": true,
      "license": "Apache-2.0",
      "dependencies": {
        "@openui5/sap.m": "1.152.0",
        "@openui5/sap.ui.core": "1.152.0",
        "@openui5/sap.ui.layout": "1.152.0"
      }
    },
    "node_modules/@openui5/sap.m": {
      "version": "1.152.0",
      "resolved": "https://registry.npmjs.org/@openui5/sap.m/-/sap.m-1.152.0.tgz",
      "integrity": "sha512-flMhVNoU13fvJxEppUlboH6GvNIl9hPvDb/IUVWKsFBx8Bjh1gdc5QetvDqBdnt4tYpbsUiu1bKNZKTnenIAqQ==",
      "dev": true,
      "license": "Apache-2.0",
      "dependencies": {
        "@openui5/sap.ui.core": "1.152.0",
        "@openui5/sap.ui.layout": "1.152.0",
        "@openui5/sap.ui.unified": "1.152.0"
      }
    },
    "node_modules/@openui5/sap.tnt": {
      "version": "1.152.0",
      "resolved": "https://registry.npmjs.org/@openui5/sap.tnt/-/sap.tnt-1.152.0.tgz",
      "integrity": "sha512-vGeO9bNlRQO7aM6dQY0TRpNsbX+abh+AX7DLdzJZZ7ZNCha8b2eA42Xv1avqOM1jghfKe83AJ+dGDQ9p1AG09A==",
      "dev": true,
      "license": "Apache-2.0",
      "dependencies": {
        "@openui5/sap.m": "1.152.0",
        "@openui5/sap.ui.core": "1.152.0"
      }
    },
    "node_modules/@openui5/sap.ui.codeeditor": {
      "version": "1.152.0",
      "resolved": "https://registry.npmjs.org/@openui5/sap.ui.codeeditor/-/sap.ui.codeeditor-1.152.0.tgz",
      "integrity": "sha512-SZ+++6DIMltcYW1xhnSuYwEZtthIG4FjxLh+QWVC1UcfRfe//N1jTfJkK7GvR1Gs5QPe8Tzl5zbbknn+8bMiFQ==",
      "dev": true,
      "license": "Apache-2.0",
      "dependencies": {
        "@openui5/sap.ui.core": "1.152.0"
      }
    },
    "node_modules/@openui5/sap.ui.core": {
      "version": "1.152.0",
      "resolved": "https://registry.npmjs.org/@openui5/sap.ui.core/-/sap.ui.core-1.152.0.tgz",
      "integrity": "sha512-1fuV5l/GQAlBHsniGrEzlAB8xrqfAUEAV3GyiRuAywZwH8AWd1zj2jv9wI0RjZgAEn63nlLH/6mdLjLdt6sxMg==",
      "dev": true,
      "license": "Apache-2.0"
    },
    "node_modules/@openui5/sap.ui.integration": {
      "version": "1.152.0",
      "resolved": "https://registry.npmjs.org/@openui5/sap.ui.integration/-/sap.ui.integration-1.152.0.tgz",
      "integrity": "sha512-hOz8q4E9CWxOYSXAo+Ps69009+RAFBClnd/0Pv4uWH7Zl/ETiQTyeIm3jrX3O1Bt7zASIS2z0p5K6CmgkUplOA==",
      "dev": true,
      "license": "Apache-2.0",
      "dependencies": {
        "@openui5/sap.f": "1.152.0",
        "@openui5/sap.m": "1.152.0",
        "@openui5/sap.ui.core": "1.152.0",
        "@openui5/sap.ui.layout": "1.152.0",
        "@openui5/sap.ui.unified": "1.152.0"
      }
    },
    "node_modules/@openui5/sap.ui.layout": {
      "version": "1.152.0",
      "resolved": "https://registry.npmjs.org/@openui5/sap.ui.layout/-/sap.ui.layout-1.152.0.tgz",
      "integrity": "sha512-mSeVxAPODCSxTXbKYKS3xITVxiDmiWpdK4vkCwuZTTPWRicc3MYbUJU5ZbZbxpbwNVIvjABYM+1oKzycdxO1mg==",
      "dev": true,
      "license": "Apache-2.0",
      "dependencies": {
        "@openui5/sap.ui.core": "1.152.0"
      }
    },
    "node_modules/@openui5/sap.ui.table": {
      "version": "1.152.0",
      "resolved": "https://registry.npmjs.org/@openui5/sap.ui.table/-/sap.ui.table-1.152.0.tgz",
      "integrity": "sha512-S5QOEZc5DtKu/driTJ1VRiixI7oBKwNkOui+I2v9rE6WxpBush1V+AM2Er1mAj6BlW0adCSvNfn/JHs6fVz1cQ==",
      "dev": true,
      "license": "Apache-2.0",
      "dependencies": {
        "@openui5/sap.ui.core": "1.152.0",
        "@openui5/sap.ui.unified": "1.152.0"
      }
    },
    "node_modules/@openui5/sap.ui.unified": {
      "version": "1.152.0",
      "resolved": "https://registry.npmjs.org/@openui5/sap.ui.unified/-/sap.ui.unified-1.152.0.tgz",
      "integrity": "sha512-d7AMOorJLBQQlCLho71CEAJMEIBNGcfF81kddZQLjz2/hM1sEIRdnvx5NWdCdKGHO4m0JvWHYcSHaRx88ZUStw==",
      "dev": true,
      "license": "Apache-2.0",
      "dependencies": {
        "@openui5/sap.ui.core": "1.152.0"
      }
    },
    "node_modules/@openui5/sap.uxap": {
      "version": "1.152.0",
      "resolved": "https://registry.npmjs.org/@openui5/sap.uxap/-/sap.uxap-1.152.0.tgz",
      "integrity": "sha512-E0lzmDEKrzbXyMsws208KLXF8wcyR72VBVBhvXmEQpccYBZqQKY9m+7vDA3k3uHpRsY4FTm1ROzIjsY0PX99NA==",
      "dev": true,
      "license": "Apache-2.0",
      "dependencies": {
        "@openui5/sap.f": "1.152.0",
        "@openui5/sap.m": "1.152.0",
        "@openui5/sap.ui.core": "1.152.0",
        "@openui5/sap.ui.layout": "1.152.0"
      }
    },
    "node_modules/@openui5/themelib_sap_horizon": {
      "version": "1.152.0",
      "resolved": "https://registry.npmjs.org/@openui5/themelib_sap_horizon/-/themelib_sap_horizon-1.152.0.tgz",
      "integrity": "sha512-NY0HkXn4fBKp3umdDVKX+D0o1Pz90hTj0+M0ri7GCj/lnHlxuLvF3lZH5hKRT/5DDx+dq9RhBNRO84EMym67AQ==",
      "dev": true,
      "license": "Apache-2.0"
    },
    "node_modules/less-openui5": {
      "version": "0.12.0",
      "resolved": "https://registry.npmjs.org/less-openui5/-/less-openui5-0.12.0.tgz",
      "integrity": "sha512-7CvQYmuODBCWAh9RBKevdx2+aNIjVPaWpS/XxPfxe8hJNvOY5IcXdTchFahwhVmILzPMOqZDKykGQr5GMq6iJg==",
      "dev": true,
      "license": "Apache-2.0",
      "dependencies": {
        "@adobe/css-tools": "^4.5.0",
        "mime": "^1.6.0"
      },
      "engines": {
        "node": "^20.11.0 || >=22.0.0",
        "npm": ">= 8"
      }
    },
    "node_modules/mime": {
      "version": "1.6.0",
      "resolved": "https://registry.npmjs.org/mime/-/mime-1.6.0.tgz",
      "integrity": "sha512-x0Vn8spI+wuJ1O6S7gnbaQg8Pxh4NNHb7KSINmEWKiPE4RKOplvijn+NkmYmmRgP68mc70j2EbeTFRsrswaQeg==",
      "dev": true,
      "license": "MIT",
      "bin": {
        "mime": "cli.js"
      },
      "engines": {
        "node": ">=4"
      }
    },
    "node_modules/playwright": {
      "version": "1.63.0",
      "resolved": "https://registry.npmjs.org/playwright/-/playwright-1.63.0.tgz",
      "integrity": "sha512-+7ziBLidS4NaNCdt57SUDT+wYmmd5fmiQejUic/kb+YsYSCPyOOE9sebzMjNmQrsnNpDJqd4WHvV/8lfKfUDUg==",
      "dev": true,
      "license": "Apache-2.0",
      "dependencies": {
        "playwright-core": "1.63.0"
      },
      "bin": {
        "playwright": "cli.js"
      },
      "engines": {
        "node": ">=20"
      }
    },
    "node_modules/playwright-core": {
      "version": "1.63.0",
      "resolved": "https://registry.npmjs.org/playwright-core/-/playwright-core-1.63.0.tgz",
      "integrity": "sha512-rYCsBF/M5HjUch52bbtVONEFjv6Xu8sm8h72dNlR5bzIE1fvC/bxgspzkjSfU+MweEMmPM8KJebG6nnyxo5mCg==",
      "dev": true,
      "license": "Apache-2.0",
      "bin": {
        "playwright-core": "cli.js"
      },
      "engines": {
        "node": ">=20"
      }
    },
    "node_modules/sql.js": {
      "version": "1.14.2",
      "resolved": "https://registry.npmjs.org/sql.js/-/sql.js-1.14.2.tgz",
      "integrity": "sha512-3ZGPovObMFrdw79zrUHbfdE/DLIsy8jdNdssmMSQuRAymedU6q84asPt0kgiqrdMYlPegDItiIMfmIXzZnYFcw==",
      "dev": true,
      "license": "MIT"
    },
    "node_modules/temporal-polyfill": {
      "version": "1.0.5",
      "resolved": "https://registry.npmjs.org/temporal-polyfill/-/temporal-polyfill-1.0.5.tgz",
      "integrity": "sha512-+H/mmY74i6wXCMcjIhGuSnODcyZnc4eois2myhOyX0UqRAKNXQY5m9iB1en5jQ/n4SXtjLXo1ElBI5bmn8tZwQ==",
      "dev": true,
      "license": "MIT",
      "dependencies": {
        "temporal-spec": "1.0.1",
        "temporal-utils": "1.0.3"
      }
    },
    "node_modules/temporal-spec": {
      "version": "1.0.1",
      "resolved": "https://registry.npmjs.org/temporal-spec/-/temporal-spec-1.0.1.tgz",
      "integrity": "sha512-wxVoanmDeavXie1vu2JaQ3WIc3JZnWAOYFBsJyATaVsXsycKYUflGsyBmrRSnoCpZJpwPyr38VpgSUlQ8CbFxg==",
      "dev": true,
      "license": "Apache-2.0"
    },
    "node_modules/temporal-utils": {
      "version": "1.0.3",
      "resolved": "https://registry.npmjs.org/temporal-utils/-/temporal-utils-1.0.3.tgz",
      "integrity": "sha512-9jbTSX3HvkOWvDpNpFzwX/d1mkCrgQgwLmVTOEiuocZGKHsrQJtttGZFmybJ2zYP5zCSZuU5ZyeS8+eOEPABiQ==",
      "dev": true,
      "license": "MIT"
    }
  }
}
